
Microsoft Visual Studio Solution File, Format Version 12.00
# Visual Studio Version 17
VisualStudioVersion = 17.5.33424.131
MinimumVisualStudioVersion = 10.0.40219.1
Project("{FAE04EC0-301F-11D3-BF4B-00C04F79EFBC}") = "tborai", "tborai\tborai.csproj", "{F9FD0A97-5C0B-4077-951F-DE4336CB441A}"
EndProject
Global
	GlobalSection(SolutionConfigurationPlatforms) = preSolution
		Debug|Any CPU = Debug|Any CPU
		Release|Any CPU = Release|Any CPU
	EndGlobalSection
	GlobalSection(ProjectConfigurationPlatforms) = postSolution
		{F9FD0A97-5C0B-4077-951F-DE4336CB441A}.Debug|Any CPU.ActiveCfg = Debug|Any CPU
		{F9FD0A97-5C0B-4077-951F-DE4336CB441A}.Debug|Any CPU.Build.0 = Debug|Any CPU
		{F9FD0A97-5C0B-4077-951F-DE4336CB441A}.Release|Any CPU.ActiveCfg = Release|Any CPU
		{F9FD0A97-5C0B-4077-951F-DE4336CB441A}.Release|Any CPU.Build.0 = Release|Any CPU
	EndGlobalSection
	GlobalSection(SolutionProperties) = preSolution
		HideSolutionNode = FALSE
	EndGlobalSection
	GlobalSection(ExtensibilityGlobals) = postSolution
		SolutionGuid = {B9469824-C60F-4C55-9907-CF07C8E8740E}
	EndGlobalSection
EndGlobal
